
Microsoft Visual Studio Solution File, Format Version 12.00
# Visual Studio Version 16
VisualStudioVersion = 16.0.31129.286
MinimumVisualStudioVersion = 10.0.40219.1
Project("{FAE04EC0-301F-11D3-BF4B-00C04F79EFBC}") = "employee", "employee.csproj", "{ACD257EB-7B96-45F2-99CD-5099F7D2FF26}"
EndProject
Global
	GlobalSection(SolutionConfigurationPlatforms) = preSolution
		Debug|Any CPU = Debug|Any CPU
		Release|Any CPU = Release|Any CPU
	EndGlobalSection
	GlobalSection(ProjectConfigurationPlatforms) = postSolution
		{ACD257EB-7B96-45F2-99CD-5099F7D2FF26}.Debug|Any CPU.ActiveCfg = Debug|Any CPU
		{ACD257EB-7B96-45F2-99CD-5099F7D2FF26}.Debug|Any CPU.Build.0 = Debug|Any CPU
		{ACD257EB-7B96-45F2-99CD-5099F7D2FF26}.Release|Any CPU.ActiveCfg = Release|Any CPU
		{ACD257EB-7B96-45F2-99CD-5099F7D2FF26}.Release|Any CPU.Build.0 = Release|Any CPU
	EndGlobalSection
	GlobalSection(SolutionProperties) = preSolution
		HideSolutionNode = FALSE
	EndGlobalSection
	GlobalSection(ExtensibilityGlobals) = postSolution
		SolutionGuid = {E2F1683B-2B98-4056-B39D-8F786B7BC839}
	EndGlobalSection
EndGlobal
